
Microsoft Visual Studio Solution File, Format Version 12.00
# Visual Studio Version 17
VisualStudioVersion = 17.4.33205.214
MinimumVisualStudioVersion = 10.0.40219.1
Project("{FAE04EC0-301F-11D3-BF4B-00C04F79EFBC}") = "BE.Presentation.API", "BE.Presentation.API\BE.Presentation.API.csproj", "{38CB8581-A851-4B86-8C2A-C03D820B01E9}"
EndProject
Project("{FAE04EC0-301F-11D3-BF4B-00C04F79EFBC}") = "BE.Entities", "BE.Entities\BE.Entities.csproj", "{9EF108FE-FF02-4DF7-BD1F-5F6B31D589AC}"
EndProject
Global
	GlobalSection(SolutionConfigurationPlatforms) = preSolution
		Debug|Any CPU = Debug|Any CPU
		Release|Any CPU = Release|Any CPU
	EndGlobalSection
	GlobalSection(ProjectConfigurationPlatforms) = postSolution
		{38CB8581-A851-4B86-8C2A-C03D820B01E9}.Debug|Any CPU.ActiveCfg = Debug|Any CPU
		{38CB8581-A851-4B86-8C2A-C03D820B01E9}.Debug|Any CPU.Build.0 = Debug|Any CPU
		{38CB8581-A851-4B86-8C2A-C03D820B01E9}.Release|Any CPU.ActiveCfg = Release|Any CPU
		{38CB8581-A851-4B86-8C2A-C03D820B01E9}.Release|Any CPU.Build.0 = Release|Any CPU
		{9EF108FE-FF02-4DF7-BD1F-5F6B31D589AC}.Debug|Any CPU.ActiveCfg = Debug|Any CPU
		{9EF108FE-FF02-4DF7-BD1F-5F6B31D589AC}.Debug|Any CPU.Build.0 = Debug|Any CPU
		{9EF108FE-FF02-4DF7-BD1F-5F6B31D589AC}.Release|Any CPU.ActiveCfg = Release|Any CPU
		{9EF108FE-FF02-4DF7-BD1F-5F6B31D589AC}.Release|Any CPU.Build.0 = Release|Any CPU
	EndGlobalSection
	GlobalSection(SolutionProperties) = preSolution
		HideSolutionNode = FALSE
	EndGlobalSection
	GlobalSection(ExtensibilityGlobals) = postSolution
		SolutionGuid = {14D9E093-50AB-4E66-B257-E06634E3101E}
	EndGlobalSection
EndGlobal
